
Microsoft Visual Studio Solution File, Format Version 12.00
# Visual Studio Version 16
VisualStudioVersion = 16.0.31019.35
MinimumVisualStudioVersion = 10.0.40219.1
Project("{FAE04EC0-301F-11D3-BF4B-00C04F79EFBC}") = "API_StoreUserLogin", "API_StoreUserLogin\API_StoreUserLogin.csproj", "{8341CB60-711F-43E7-82AA-E570537EDC04}"
EndProject
Global
	GlobalSection(SolutionConfigurationPlatforms) = preSolution
		Debug|Any CPU = Debug|Any CPU
		Release|Any CPU = Release|Any CPU
	EndGlobalSection
	GlobalSection(ProjectConfigurationPlatforms) = postSolution
		{8341CB60-711F-43E7-82AA-E570537EDC04}.Debug|Any CPU.ActiveCfg = Debug|Any CPU
		{8341CB60-711F-43E7-82AA-E570537EDC04}.Debug|Any CPU.Build.0 = Debug|Any CPU
		{8341CB60-711F-43E7-82AA-E570537EDC04}.Release|Any CPU.ActiveCfg = Release|Any CPU
		{8341CB60-711F-43E7-82AA-E570537EDC04}.Release|Any CPU.Build.0 = Release|Any CPU
	EndGlobalSection
	GlobalSection(SolutionProperties) = preSolution
		HideSolutionNode = FALSE
	EndGlobalSection
	GlobalSection(ExtensibilityGlobals) = postSolution
		SolutionGuid = {40C3D4F3-232E-4480-B9D0-8CE97AF892F8}
	EndGlobalSection
EndGlobal
